// !$*UTF8*$!
{
	archiveVersion = 1;
	classes = {
	};
	objectVersion = 50;
	objects = {

/* Begin PBXBuildFile section */
		C1BDB6242678F9710069D88F /* AppDelegate.swift in Sources */ = {isa = PBXBuildFile; fileRef = C1BDB6232678F9710069D88F /* AppDelegate.swift */; };
		C1BDB6262678F9710069D88F /* SceneDelegate.swift in Sources */ = {isa = PBXBuildFile; fileRef = C1BDB6252678F9710069D88F /* SceneDelegate.swift */; };
		C1BDB6282678F9710069D88F /* ViewController.swift in Sources */ = {isa = PBXBuildFile; fileRef = C1BDB6272678F9710069D88F /* ViewController.swift */; };
		C1BDB62B2678F9710069D88F /* Main.storyboard in Resources */ = {isa = PBXBuildFile; fileRef = C1BDB6292678F9710069D88F /* Main.storyboard */; };
		C1BDB62E2678F9710069D88F /* testGithub.xcdatamodeld in Sources */ = {isa = PBXBuildFile; fileRef = C1BDB62C2678F9710069D88F /* testGithub.xcdatamodeld */; };
		C1BDB6302678F9730069D88F /* Assets.xcassets in Resources */ = {isa = PBXBuildFile; fileRef = C1BDB62F2678F9730069D88F /* Assets.xcassets */; };
		C1BDB6332678F9730069D88F /* LaunchScreen.storyboard in Resources */ = {isa = PBXBuildFile; fileRef = C1BDB6312678F9730069D88F /* LaunchScreen.storyboard */; };
		C1BDB63E2678F9730069D88F /* testGithubTests.swift in Sources */ = {isa = PBXBuildFile; fileRef = C1BDB63D2678F9730069D88F /* testGithubTests.swift */; };
		C1BDB6492678F9730069D88F /* testGithubUITests.swift in Sources */ = {isa = PBXBuildFile; fileRef = C1BDB6482678F9730069D88F /* testGithubUITests.swift */; };
/* End PBXBuildFile section */

/* Begin PBXContainerItemProxy section */
		C1BDB63A2678F9730069D88F /* PBXContainerItemProxy */ = {
			isa = PBXContainerItemProxy;
			containerPortal = C1BDB6182678F9710069D88F /* Project object */;
			proxyType = 1;
			remoteGlobalIDString = C1BDB61F2678F9710069D88F;
			remoteInfo = testGithub;
		};
		C1BDB6452678F9730069D88F /* PBXContainerItemProxy */ = {
			isa = PBXContainerItemProxy;
			containerPortal = C1BDB6182678F9710069D88F /* Project object */;
			proxyType = 1;
			remoteGlobalIDString = C1BDB61F2678F9710069D88F;
			remoteInfo = testGithub;
		};
/* End PBXContainerItemProxy section */

/* Begin PBXFileReference section */
		C1BDB6202678F9710069D88F /* testGithub.app */ = {isa = PBXFileReference; explicitFileType = wrapper.application; includeInIndex = 0; path = testGithub.app; sourceTree = BUILT_PRODUCTS_DIR; };
		C1BDB6232678F9710069D88F /* AppDelegate.swift */ = {isa = PBXFileReference; lastKnownFileType = sourcecode.swift; path = AppDelegate.swift; sourceTree = "<group>"; };
		C1BDB6252678F9710069D88F /* SceneDelegate.swift */ = {isa = PBXFileReference; lastKnownFileType = sourcecode.swift; path = SceneDelegate.swift; sourceTree = "<group>"; };
		C1BDB6272678F9710069D88F /* ViewController.swift */ = {isa = PBXFileReference; lastKnownFileType = sourcecode.swift; path = ViewController.swift; sourceTree = "<group>"; };
		C1BDB62A2678F9710069D88F /* Base */ = {isa = PBXFileReference; lastKnownFileType = file.storyboard; name = Base; path = Base.lproj/Main.storyboard; sourceTree = "<group>"; };
		C1BDB62D2678F9710069D88F /* testGithub.xcdatamodel */ = {isa = PBXFileReference; lastKnownFileType = wrapper.xcdatamodel; path = testGithub.xcdatamodel; sourceTree = "<group>"; };
		C1BDB62F2678F9730069D88F /* Assets.xcassets */ = {isa = PBXFileReference; lastKnownFileType = folder.assetcatalog; path = Assets.xcassets; sourceTree = "<group>"; };
		C1BDB6322678F9730069D88F /* Base */ = {isa = PBXFileReference; lastKnownFileType = file.storyboard; name = Base; path = Base.lproj/LaunchScreen.storyboard; sourceTree = "<group>"; };
		C1BDB6342678F9730069D88F /* Info.plist */ = {isa = PBXFileReference; lastKnownFileType = text.plist.xml; path = Info.plist; sourceTree = "<group>"; };
		C1BDB6392678F9730069D88F /* testGithubTests.xctest */ = {isa = PBXFileReference; explicitFileType = wrapper.cfbundle; includeInIndex = 0; path = testGithubTests.xctest; sourceTree = BUILT_PRODUCTS_DIR; };
		C1BDB63D2678F9730069D88F /* testGithubTests.swift */ = {isa = PBXFileReference; lastKnownFileType = sourcecode.swift; path = testGithubTests.swift; sourceTree = "<group>"; };
		C1BDB63F2678F9730069D88F /* Info.plist */ = {isa = PBXFileReference; lastKnownFileType = text.plist.xml; path = Info.plist; sourceTree = "<group>"; };
		C1BDB6442678F9730069D88F /* testGithubUITests.xctest */ = {isa = PBXFileReference; explicitFileType = wrapper.cfbundle; includeInIndex = 0; path = testGithubUITests.xctest; sourceTree = BUILT_PRODUCTS_DIR; };
		C1BDB6482678F9730069D88F /* testGithubUITests.swift */ = {isa = PBXFileReference; lastKnownFileType = sourcecode.swift; path = testGithubUITests.swift; sourceTree = "<group>"; };
		C1BDB64A2678F9730069D88F /* Info.plist */ = {isa = PBXFileReference; lastKnownFileType = text.plist.xml; path = Info.plist; sourceTree = "<group>"; };
/* End PBXFileReference section */

/* Begin PBXFrameworksBuildPhase section */
		C1BDB61D2678F9710069D88F /* Frameworks */ = {
			isa = PBXFrameworksBuildPhase;
			buildActionMask = 2147483647;
			files = (
			);
			runOnlyForDeploymentPostprocessing = 0;
		};
		C1BDB6362678F9730069D88F /* Frameworks */ = {
			isa = PBXFrameworksBuildPhase;
			buildActionMask = 2147483647;
			files = (
			);
			runOnlyForDeploymentPostprocessing = 0;
		};
		C1BDB6412678F9730069D88F /* Frameworks */ = {
			isa = PBXFrameworksBuildPhase;
			buildActionMask = 2147483647;
			files = (
			);
			runOnlyForDeploymentPostprocessing = 0;
		};
/* End PBXFrameworksBuildPhase section */

/* Begin PBXGroup section */
		C1BDB6172678F9710069D88F = {
			isa = PBXGroup;
			children = (
				C1BDB6222678F9710069D88F /* testGithub */,
				C1BDB63C2678F9730069D88F /* testGithubTests */,
				C1BDB6472678F9730069D88F /* testGithubUITests */,
				C1BDB6212678F9710069D88F /* Products */,
			);
			sourceTree = "<group>";
		};
		C1BDB6212678F9710069D88F /* Products */ = {
			isa = PBXGroup;
			children = (
				C1BDB6202678F9710069D88F /* testGithub.app */,
				C1BDB6392678F9730069D88F /* testGithubTests.xctest */,
				C1BDB6442678F9730069D88F /* testGithubUITests.xctest */,
			);
			name = Products;
			sourceTree = "<group>";
		};
		C1BDB6222678F9710069D88F /* testGithub */ = {
			isa = PBXGroup;
			children = (
				C1BDB6232678F9710069D88F /* AppDelegate.swift */,
				C1BDB6252678F9710069D88F /* SceneDelegate.swift */,
				C1BDB6272678F9710069D88F /* ViewController.swift */,
				C1BDB6292678F9710069D88F /* Main.storyboard */,
				C1BDB62F2678F9730069D88F /* Assets.xcassets */,
				C1BDB6312678F9730069D88F /* LaunchScreen.storyboard */,
				C1BDB6342678F9730069D88F /* Info.plist */,
				C1BDB62C2678F9710069D88F /* testGithub.xcdatamodeld */,
			);
			path = testGithub;
			sourceTree = "<group>";
		};
		C1BDB63C2678F9730069D88F /* testGithubTests */ = {
			isa = PBXGroup;
			children = (
				C1BDB63D2678F9730069D88F /* testGithubTests.swift */,
				C1BDB63F2678F9730069D88F /* Info.plist */,
			);
			path = testGithubTests;
			sourceTree = "<group>";
		};
		C1BDB6472678F9730069D88F /* testGithubUITests */ = {
			isa = PBXGroup;
			children = (
				C1BDB6482678F9730069D88F /* testGithubUITests.swift */,
				C1BDB64A2678F9730069D88F /* Info.plist */,
			);
			path = testGithubUITests;
			sourceTree = "<group>";
		};
/* End PBXGroup section */

/* Begin PBXNativeTarget section */
		C1BDB61F2678F9710069D88F /* testGithub */ = {
			isa = PBXNativeTarget;
			buildConfigurationList = C1BDB64D2678F9730069D88F /* Build configuration list for PBXNativeTarget "testGithub" */;
			buildPhases = (
				C1BDB61C2678F9710069D88F /* Sources */,
				C1BDB61D2678F9710069D88F /* Frameworks */,
				C1BDB61E2678F9710069D88F /* Resources */,
			);
			buildRules = (
			);
			dependencies = (
			);
			name = testGithub;
			productName = testGithub;
			productReference = C1BDB6202678F9710069D88F /* testGithub.app */;
			productType = "com.apple.product-type.application";
		};
		C1BDB6382678F9730069D88F /* testGithubTests */ = {
			isa = PBXNativeTarget;
			buildConfigurationList = C1BDB6502678F9730069D88F /* Build configuration list for PBXNativeTarget "testGithubTests" */;
			buildPhases = (
				C1BDB6352678F9730069D88F /* Sources */,
				C1BDB6362678F9730069D88F /* Frameworks */,
				C1BDB6372678F9730069D88F /* Resources */,
			);
			buildRules = (
			);
			dependencies = (
				C1BDB63B2678F9730069D88F /* PBXTargetDependency */,
			);
			name = testGithubTests;
			productName = testGithubTests;
			productReference = C1BDB6392678F9730069D88F /* testGithubTests.xctest */;
			productType = "com.apple.product-type.bundle.unit-test";
		};
		C1BDB6432678F9730069D88F /* testGithubUITests */ = {
			isa = PBXNativeTarget;
			buildConfigurationList = C1BDB6532678F9730069D88F /* Build configuration list for PBXNativeTarget "testGithubUITests" */;
			buildPhases = (
				C1BDB6402678F9730069D88F /* Sources */,
				C1BDB6412678F9730069D88F /* Frameworks */,
				C1BDB6422678F9730069D88F /* Resources */,
			);
			buildRules = (
			);
			dependencies = (
				C1BDB6462678F9730069D88F /* PBXTargetDependency */,
			);
			name = testGithubUITests;
			productName = testGithubUITests;
			productReference = C1BDB6442678F9730069D88F /* testGithubUITests.xctest */;
			productType = "com.apple.product-type.bundle.ui-testing";
		};
/* End PBXNativeTarget section */

/* Begin PBXProject section */
		C1BDB6182678F9710069D88F /* Project object */ = {
			isa = PBXProject;
			attributes = {
				LastSwiftUpdateCheck = 1250;
				LastUpgradeCheck = 1250;
				TargetAttributes = {
					C1BDB61F2678F9710069D88F = {
						CreatedOnToolsVersion = 12.5;
					};
					C1BDB6382678F9730069D88F = {
						CreatedOnToolsVersion = 12.5;
						TestTargetID = C1BDB61F2678F9710069D88F;
					};
					C1BDB6432678F9730069D88F = {
						CreatedOnToolsVersion = 12.5;
						TestTargetID = C1BDB61F2678F9710069D88F;
					};
				};
			};
			buildConfigurationList = C1BDB61B2678F9710069D88F /* Build configuration list for PBXProject "testGithub" */;
			compatibilityVersion = "Xcode 9.3";
			developmentRegion = en;
			hasScannedForEncodings = 0;
			knownRegions = (
				en,
				Base,
			);
			mainGroup = C1BDB6172678F9710069D88F;
			productRefGroup = C1BDB6212678F9710069D88F /* Products */;
			projectDirPath = "";
			projectRoot = "";
			targets = (
				C1BDB61F2678F9710069D88F /* testGithub */,
				C1BDB6382678F9730069D88F /* testGithubTests */,
				C1BDB6432678F9730069D88F /* testGithubUITests */,
			);
		};
/* End PBXProject section */

/* Begin PBXResourcesBuildPhase section */
		C1BDB61E2678F9710069D88F /* Resources */ = {
			isa = PBXResourcesBuildPhase;
			buildActionMask = 2147483647;
			files = (
				C1BDB6332678F9730069D88F /* LaunchScreen.storyboard in Resources */,
				C1BDB6302678F9730069D88F /* Assets.xcassets in Resources */,
				C1BDB62B2678F9710069D88F /* Main.storyboard in Resources */,
			);
			runOnlyForDeploymentPostprocessing = 0;
		};
		C1BDB6372678F9730069D88F /* Resources */ = {
			isa = PBXResourcesBuildPhase;
			buildActionMask = 2147483647;
			files = (
			);
			runOnlyForDeploymentPostprocessing = 0;
		};
		C1BDB6422678F9730069D88F /* Resources */ = {
			isa = PBXResourcesBuildPhase;
			buildActionMask = 2147483647;
			files = (
			);
			runOnlyForDeploymentPostprocessing = 0;
		};
/* End PBXResourcesBuildPhase section */

/* Begin PBXSourcesBuildPhase section */
		C1BDB61C2678F9710069D88F /* Sources */ = {
			isa = PBXSourcesBuildPhase;
			buildActionMask = 2147483647;
			files = (
				C1BDB6282678F9710069D88F /* ViewController.swift in Sources */,
				C1BDB6242678F9710069D88F /* AppDelegate.swift in Sources */,
				C1BDB62E2678F9710069D88F /* testGithub.xcdatamodeld in Sources */,
				C1BDB6262678F9710069D88F /* SceneDelegate.swift in Sources */,
			);
			runOnlyForDeploymentPostprocessing = 0;
		};
		C1BDB6352678F9730069D88F /* Sources */ = {
			isa = PBXSourcesBuildPhase;
			buildActionMask = 2147483647;
			files = (
				C1BDB63E2678F9730069D88F /* testGithubTests.swift in Sources */,
			);
			runOnlyForDeploymentPostprocessing = 0;
		};
		C1BDB6402678F9730069D88F /* Sources */ = {
			isa = PBXSourcesBuildPhase;
			buildActionMask = 2147483647;
			files = (
				C1BDB6492678F9730069D88F /* testGithubUITests.swift in Sources */,
			);
			runOnlyForDeploymentPostprocessing = 0;
		};
/* End PBXSourcesBuildPhase section */

/* Begin PBXTargetDependency section */
		C1BDB63B2678F9730069D88F /* PBXTargetDependency */ = {
			isa = PBXTargetDependency;
			target = C1BDB61F2678F9710069D88F /* testGithub */;
			targetProxy = C1BDB63A2678F9730069D88F /* PBXContainerItemProxy */;
		};
		C1BDB6462678F9730069D88F /* PBXTargetDependency */ = {
			isa = PBXTargetDependency;
			target = C1BDB61F2678F9710069D88F /* testGithub */;
			targetProxy = C1BDB6452678F9730069D88F /* PBXContainerItemProxy */;
		};
/* End PBXTargetDependency section */

/* Begin PBXVariantGroup section */
		C1BDB6292678F9710069D88F /* Main.storyboard */ = {
			isa = PBXVariantGroup;
			children = (
				C1BDB62A2678F9710069D88F /* Base */,
			);
			name = Main.storyboard;
			sourceTree = "<group>";
		};
		C1BDB6312678F9730069D88F /* LaunchScreen.storyboard */ = {
			isa = PBXVariantGroup;
			children = (
				C1BDB6322678F9730069D88F /* Base */,
			);
			name = LaunchScreen.storyboard;
			sourceTree = "<group>";
		};
/* End PBXVariantGroup section */

/* Begin XCBuildConfiguration section */
		C1BDB64B2678F9730069D88F /* Debug */ = {
			isa = XCBuildConfiguration;
			buildSettings = {
				ALWAYS_SEARCH_USER_PATHS = NO;
				CLANG_ANALYZER_NONNULL = YES;
				CLANG_ANALYZER_NUMBER_OBJECT_CONVERSION = YES_AGGRESSIVE;
				CLANG_CXX_LANGUAGE_STANDARD = "gnu++14";
				CLANG_CXX_LIBRARY = "libc++";
				CLANG_ENABLE_MODULES = YES;
				CLANG_ENABLE_OBJC_ARC = YES;
				CLANG_ENABLE_OBJC_WEAK = YES;
				CLANG_WARN_BLOCK_CAPTURE_AUTORELEASING = YES;
				CLANG_WARN_BOOL_CONVERSION = YES;
				CLANG_WARN_COMMA = YES;
				CLANG_WARN_CONSTANT_CONVERSION = YES;
				CLANG_WARN_DEPRECATED_OBJC_IMPLEMENTATIONS = YES;
				CLANG_WARN_DIRECT_OBJC_ISA_USAGE = YES_ERROR;
				CLANG_WARN_DOCUMENTATION_COMMENTS = YES;
				CLANG_WARN_EMPTY_BODY = YES;
				CLANG_WARN_ENUM_CONVERSION = YES;
				CLANG_WARN_INFINITE_RECURSION = YES;
				CLANG_WARN_INT_CONVERSION = YES;
				CLANG_WARN_NON_LITERAL_NULL_CONVERSION = YES;
				CLANG_WARN_OBJC_IMPLICIT_RETAIN_SELF = YES;
				CLANG_WARN_OBJC_LITERAL_CONVERSION = YES;
				CLANG_WARN_OBJC_ROOT_CLASS = YES_ERROR;
				CLANG_WARN_QUOTED_INCLUDE_IN_FRAMEWORK_HEADER = YES;
				CLANG_WARN_RANGE_LOOP_ANALYSIS = YES;
				CLANG_WARN_STRICT_PROTOTYPES = YES;
				CLANG_WARN_SUSPICIOUS_MOVE = YES;
				CLANG_WARN_UNGUARDED_AVAILABILITY = YES_AGGRESSIVE;
				CLANG_WARN_UNREACHABLE_CODE = YES;
				CLANG_WARN__DUPLICATE_METHOD_MATCH = YES;
				COPY_PHASE_STRIP = NO;
				DEBUG_INFORMATION_FORMAT = dwarf;
				ENABLE_STRICT_OBJC_MSGSEND = YES;
				ENABLE_TESTABILITY = YES;
				GCC_C_LANGUAGE_STANDARD = gnu11;
				GCC_DYNAMIC_NO_PIC = NO;
				GCC_NO_COMMON_BLOCKS = YES;
				GCC_OPTIMIZATION_LEVEL = 0;
				GCC_PREPROCESSOR_DEFINITIONS = (
					"DEBUG=1",
					"$(inherited)",
				);
				GCC_WARN_64_TO_32_BIT_CONVERSION = YES;
				GCC_WARN_ABOUT_RETURN_TYPE = YES_ERROR;
				GCC_WARN_UNDECLARED_SELECTOR = YES;
				GCC_WARN_UNINITIALIZED_AUTOS = YES_AGGRESSIVE;
				GCC_WARN_UNUSED_FUNCTION = YES;
				GCC_WARN_UNUSED_VARIABLE = YES;
				IPHONEOS_DEPLOYMENT_TARGET = 14.5;
				MTL_ENABLE_DEBUG_INFO = INCLUDE_SOURCE;
				MTL_FAST_MATH = YES;
				ONLY_ACTIVE_ARCH = YES;
				SDKROOT = iphoneos;
				SWIFT_ACTIVE_COMPILATION_CONDITIONS = DEBUG;
				SWIFT_OPTIMIZATION_LEVEL = "-Onone";
			};
			name = Debug;
		};
		C1BDB64C2678F9730069D88F /* Release */ = {
			isa = XCBuildConfiguration;
			buildSettings = {
				ALWAYS_SEARCH_USER_PATHS = NO;
				CLANG_ANALYZER_NONNULL = YES;
				CLANG_ANALYZER_NUMBER_OBJECT_CONVERSION = YES_AGGRESSIVE;
				CLANG_CXX_LANGUAGE_STANDARD = "gnu++14";
				CLANG_CXX_LIBRARY = "libc++";
				CLANG_ENABLE_MODULES = YES;
				CLANG_ENABLE_OBJC_ARC = YES;
				CLANG_ENABLE_OBJC_WEAK = YES;
				CLANG_WARN_BLOCK_CAPTURE_AUTORELEASING = YES;
				CLANG_WARN_BOOL_CONVERSION = YES;
				CLANG_WARN_COMMA = YES;
				CLANG_WARN_CONSTANT_CONVERSION = YES;
				CLANG_WARN_DEPRECATED_OBJC_IMPLEMENTATIONS = YES;
				CLANG_WARN_DIRECT_OBJC_ISA_USAGE = YES_ERROR;
				CLANG_WARN_DOCUMENTATION_COMMENTS = YES;
				CLANG_WARN_EMPTY_BODY = YES;
				CLANG_WARN_ENUM_CONVERSION = YES;
				CLANG_WARN_INFINITE_RECURSION = YES;
				CLANG_WARN_INT_CONVERSION = YES;
				CLANG_WARN_NON_LITERAL_NULL_CONVERSION = YES;
				CLANG_WARN_OBJC_IMPLICIT_RETAIN_SELF = YES;
				CLANG_WARN_OBJC_LITERAL_CONVERSION = YES;
				CLANG_WARN_OBJC_ROOT_CLASS = YES_ERROR;
				CLANG_WARN_QUOTED_INCLUDE_IN_FRAMEWORK_HEADER = YES;
				CLANG_WARN_RANGE_LOOP_ANALYSIS = YES;
				CLANG_WARN_STRICT_PROTOTYPES = YES;
				CLANG_WARN_SUSPICIOUS_MOVE = YES;
				CLANG_WARN_UNGUARDED_AVAILABILITY = YES_AGGRESSIVE;
				CLANG_WARN_UNREACHABLE_CODE = YES;
				CLANG_WARN__DUPLICATE_METHOD_MATCH = YES;
				COPY_PHASE_STRIP = NO;
				DEBUG_INFORMATION_FORMAT = "dwarf-with-dsym";
				ENABLE_NS_ASSERTIONS = NO;
				ENABLE_STRICT_OBJC_MSGSEND = YES;
				GCC_C_LANGUAGE_STANDARD = gnu11;
				GCC_NO_COMMON_BLOCKS = YES;
				GCC_WARN_64_TO_32_BIT_CONVERSION = YES;
				GCC_WARN_ABOUT_RETURN_TYPE = YES_ERROR;
				GCC_WARN_UNDECLARED_SELECTOR = YES;
				GCC_WARN_UNINITIALIZED_AUTOS = YES_AGGRESSIVE;
				GCC_WARN_UNUSED_FUNCTION = YES;
				GCC_WARN_UNUSED_VARIABLE = YES;
				IPHONEOS_DEPLOYMENT_TARGET = 14.5;
				MTL_ENABLE_DEBUG_INFO = NO;
				MTL_FAST_MATH = YES;
				SDKROOT = iphoneos;
				SWIFT_COMPILATION_MODE = wholemodule;
				SWIFT_OPTIMIZATION_LEVEL = "-O";
				VALIDATE_PRODUCT = YES;
			};
			name = Release;
		};
		C1BDB64E2678F9730069D88F /* Debug */ = {
			isa = XCBuildConfiguration;
			buildSettings = {
				ASSETCATALOG_COMPILER_APPICON_NAME = AppIcon;
				ASSETCATALOG_COMPILER_GLOBAL_ACCENT_COLOR_NAME = AccentColor;
				CODE_SIGN_STYLE = Automatic;
				INFOPLIST_FILE = testGithub/Info.plist;
				LD_RUNPATH_SEARCH_PATHS = (
					"$(inherited)",
					"@executable_path/Frameworks",
				);
				PRODUCT_BUNDLE_IDENTIFIER = MadelineGupta.testGithub;
				PRODUCT_NAME = "$(TARGET_NAME)";
				SWIFT_VERSION = 5.0;
				TARGETED_DEVICE_FAMILY = "1,2";
			};
			name = Debug;
		};
		C1BDB64F2678F9730069D88F /* Release */ = {
			isa = XCBuildConfiguration;
			buildSettings = {
				ASSETCATALOG_COMPILER_APPICON_NAME = AppIcon;
				ASSETCATALOG_COMPILER_GLOBAL_ACCENT_COLOR_NAME = AccentColor;
				CODE_SIGN_STYLE = Automatic;
				INFOPLIST_FILE = testGithub/Info.plist;
				LD_RUNPATH_SEARCH_PATHS = (
					"$(inherited)",
					"@executable_path/Frameworks",
				);
				PRODUCT_BUNDLE_IDENTIFIER = MadelineGupta.testGithub;
				PRODUCT_NAME = "$(TARGET_NAME)";
				SWIFT_VERSION = 5.0;
				TARGETED_DEVICE_FAMILY = "1,2";
			};
			name = Release;
		};
		C1BDB6512678F9730069D88F /* Debug */ = {
			isa = XCBuildConfiguration;
			buildSettings = {
				ALWAYS_EMBED_SWIFT_STANDARD_LIBRARIES = YES;
				BUNDLE_LOADER = "$(TEST_HOST)";
				CODE_SIGN_STYLE = Automatic;
				INFOPLIST_FILE = testGithubTests/Info.plist;
				IPHONEOS_DEPLOYMENT_TARGET = 14.5;
				LD_RUNPATH_SEARCH_PATHS = (
					"$(inherited)",
					"@executable_path/Frameworks",
					"@loader_path/Frameworks",
				);
				PRODUCT_BUNDLE_IDENTIFIER = MadelineGupta.testGithubTests;
				PRODUCT_NAME = "$(TARGET_NAME)";
				SWIFT_VERSION = 5.0;
				TARGETED_DEVICE_FAMILY = "1,2";
				TEST_HOST = "$(BUILT_PRODUCTS_DIR)/testGithub.app/testGithub";
			};
			name = Debug;
		};
		C1BDB6522678F9730069D88F /* Release */ = {
			isa = XCBuildConfiguration;
			buildSettings = {
				ALWAYS_EMBED_SWIFT_STANDARD_LIBRARIES = YES;
				BUNDLE_LOADER = "$(TEST_HOST)";
				CODE_SIGN_STYLE = Automatic;
				INFOPLIST_FILE = testGithubTests/Info.plist;
				IPHONEOS_DEPLOYMENT_TARGET = 14.5;
				LD_RUNPATH_SEARCH_PATHS = (
					"$(inherited)",
					"@executable_path/Frameworks",
					"@loader_path/Frameworks",
				);
				PRODUCT_BUNDLE_IDENTIFIER = MadelineGupta.testGithubTests;
				PRODUCT_NAME = "$(TARGET_NAME)";
				SWIFT_VERSION = 5.0;
				TARGETED_DEVICE_FAMILY = "1,2";
				TEST_HOST = "$(BUILT_PRODUCTS_DIR)/testGithub.app/testGithub";
			};
			name = Release;
		};
		C1BDB6542678F9730069D88F /* Debug */ = {
			isa = XCBuildConfiguration;
			buildSettings = {
				ALWAYS_EMBED_SWIFT_STANDARD_LIBRARIES = YES;
				CODE_SIGN_STYLE = Automatic;
				INFOPLIST_FILE = testGithubUITests/Info.plist;
				LD_RUNPATH_SEARCH_PATHS = (
					"$(inherited)",
					"@executable_path/Frameworks",
					"@loader_path/Frameworks",
				);
				PRODUCT_BUNDLE_IDENTIFIER = MadelineGupta.testGithubUITests;
				PRODUCT_NAME = "$(TARGET_NAME)";
				SWIFT_VERSION = 5.0;
				TARGETED_DEVICE_FAMILY = "1,2";
				TEST_TARGET_NAME = testGithub;
			};
			name = Debug;
		};
		C1BDB6552678F9730069D88F /* Release */ = {
			isa = XCBuildConfiguration;
			buildSettings = {
				ALWAYS_EMBED_SWIFT_STANDARD_LIBRARIES = YES;
				CODE_SIGN_STYLE = Automatic;
				INFOPLIST_FILE = testGithubUITests/Info.plist;
				LD_RUNPATH_SEARCH_PATHS = (
					"$(inherited)",
					"@executable_path/Frameworks",
					"@loader_path/Frameworks",
				);
				PRODUCT_BUNDLE_IDENTIFIER = MadelineGupta.testGithubUITests;
				PRODUCT_NAME = "$(TARGET_NAME)";
				SWIFT_VERSION = 5.0;
				TARGETED_DEVICE_FAMILY = "1,2";
				TEST_TARGET_NAME = testGithub;
			};
			name = Release;
		};
/* End XCBuildConfiguration section */

/* Begin XCConfigurationList section */
		C1BDB61B2678F9710069D88F /* Build configuration list for PBXProject "testGithub" */ = {
			isa = XCConfigurationList;
			buildConfigurations = (
				C1BDB64B2678F9730069D88F /* Debug */,
				C1BDB64C2678F9730069D88F /* Release */,
			);
			defaultConfigurationIsVisible = 0;
			defaultConfigurationName = Release;
		};
		C1BDB64D2678F9730069D88F /* Build configuration list for PBXNativeTarget "testGithub" */ = {
			isa = XCConfigurationList;
			buildConfigurations = (
				C1BDB64E2678F9730069D88F /* Debug */,
				C1BDB64F2678F9730069D88F /* Release */,
			);
			defaultConfigurationIsVisible = 0;
			defaultConfigurationName = Release;
		};
		C1BDB6502678F9730069D88F /* Build configuration list for PBXNativeTarget "testGithubTests" */ = {
			isa = XCConfigurationList;
			buildConfigurations = (
				C1BDB6512678F9730069D88F /* Debug */,
				C1BDB6522678F9730069D88F /* Release */,
			);
			defaultConfigurationIsVisible = 0;
			defaultConfigurationName = Release;
		};
		C1BDB6532678F9730069D88F /* Build configuration list for PBXNativeTarget "testGithubUITests" */ = {
			isa = XCConfigurationList;
			buildConfigurations = (
				C1BDB6542678F9730069D88F /* Debug */,
				C1BDB6552678F9730069D88F /* Release */,
			);
			defaultConfigurationIsVisible = 0;
			defaultConfigurationName = Release;
		};
/* End XCConfigurationList section */

/* Begin XCVersionGroup section */
		C1BDB62C2678F9710069D88F /* testGithub.xcdatamodeld */ = {
			isa = XCVersionGroup;
			children = (
				C1BDB62D2678F9710069D88F /* testGithub.xcdatamodel */,
			);
			currentVersion = C1BDB62D2678F9710069D88F /* testGithub.xcdatamodel */;
			path = testGithub.xcdatamodeld;
			sourceTree = "<group>";
			versionGroupType = wrapper.xcdatamodel;
		};
/* End XCVersionGroup section */
	};
	rootObject = C1BDB6182678F9710069D88F /* Project object */;
}
